// !$*UTF8*$!
{
	archiveVersion = 1;
	classes = {
	};
	objectVersion = 50;
	objects = {

/* Begin PBXBuildFile section */
		AB2ECD6B234437420004C674 /* AppDelegate.swift in Sources */ = {isa = PBXBuildFile; fileRef = AB2ECD6A234437420004C674 /* AppDelegate.swift */; };
		AB2ECD6D234437420004C674 /* SceneDelegate.swift in Sources */ = {isa = PBXBuildFile; fileRef = AB2ECD6C234437420004C674 /* SceneDelegate.swift */; };
		AB2ECD72234437420004C674 /* Main.storyboard in Resources */ = {isa = PBXBuildFile; fileRef = AB2ECD70234437420004C674 /* Main.storyboard */; };
		AB2ECD74234437470004C674 /* Assets.xcassets in Resources */ = {isa = PBXBuildFile; fileRef = AB2ECD73234437470004C674 /* Assets.xcassets */; };
		AB2ECD77234437470004C674 /* LaunchScreen.storyboard in Resources */ = {isa = PBXBuildFile; fileRef = AB2ECD75234437470004C674 /* LaunchScreen.storyboard */; };
		AB2ECD7F234440160004C674 /* RedViewController.swift in Sources */ = {isa = PBXBuildFile; fileRef = AB2ECD7E234440160004C674 /* RedViewController.swift */; };
		AB2ECD81234440440004C674 /* NumberedViewController.swift in Sources */ = {isa = PBXBuildFile; fileRef = AB2ECD80234440440004C674 /* NumberedViewController.swift */; };
		AB2ECD8323444CAB0004C674 /* Purple.storyboard in Resources */ = {isa = PBXBuildFile; fileRef = AB2ECD8223444CAB0004C674 /* Purple.storyboard */; };
		AB2ECD8523444DD00004C674 /* Orange.storyboard in Resources */ = {isa = PBXBuildFile; fileRef = AB2ECD8423444DD00004C674 /* Orange.storyboard */; };
/* End PBXBuildFile section */

/* Begin PBXFileReference section */
		AB2ECD67234437420004C674 /* Screens_.app */ = {isa = PBXFileReference; explicitFileType = wrapper.application; includeInIndex = 0; path = Screens_.app; sourceTree = BUILT_PRODUCTS_DIR; };
		AB2ECD6A234437420004C674 /* AppDelegate.swift */ = {isa = PBXFileReference; lastKnownFileType = sourcecode.swift; path = AppDelegate.swift; sourceTree = "<group>"; };
		AB2ECD6C234437420004C674 /* SceneDelegate.swift */ = {isa = PBXFileReference; lastKnownFileType = sourcecode.swift; path = SceneDelegate.swift; sourceTree = "<group>"; };
		AB2ECD71234437420004C674 /* Base */ = {isa = PBXFileReference; lastKnownFileType = file.storyboard; name = Base; path = Base.lproj/Main.storyboard; sourceTree = "<group>"; };
		AB2ECD73234437470004C674 /* Assets.xcassets */ = {isa = PBXFileReference; lastKnownFileType = folder.assetcatalog; path = Assets.xcassets; sourceTree = "<group>"; };
		AB2ECD76234437470004C674 /* Base */ = {isa = PBXFileReference; lastKnownFileType = file.storyboard; name = Base; path = Base.lproj/LaunchScreen.storyboard; sourceTree = "<group>"; };
		AB2ECD78234437470004C674 /* Info.plist */ = {isa = PBXFileReference; lastKnownFileType = text.plist.xml; path = Info.plist; sourceTree = "<group>"; };
		AB2ECD7E234440160004C674 /* RedViewController.swift */ = {isa = PBXFileReference; lastKnownFileType = sourcecode.swift; path = RedViewController.swift; sourceTree = "<group>"; };
		AB2ECD80234440440004C674 /* NumberedViewController.swift */ = {isa = PBXFileReference; lastKnownFileType = sourcecode.swift; path = NumberedViewController.swift; sourceTree = "<group>"; };
		AB2ECD8223444CAB0004C674 /* Purple.storyboard */ = {isa = PBXFileReference; lastKnownFileType = file.storyboard; path = Purple.storyboard; sourceTree = "<group>"; };
		AB2ECD8423444DD00004C674 /* Orange.storyboard */ = {isa = PBXFileReference; lastKnownFileType = file.storyboard; path = Orange.storyboard; sourceTree = "<group>"; };
/* End PBXFileReference section */

/* Begin PBXFrameworksBuildPhase section */
		AB2ECD64234437420004C674 /* Frameworks */ = {
			isa = PBXFrameworksBuildPhase;
			buildActionMask = 2147483647;
			files = (
			);
			runOnlyForDeploymentPostprocessing = 0;
		};
/* End PBXFrameworksBuildPhase section */

/* Begin PBXGroup section */
		AB2ECD5E234437410004C674 = {
			isa = PBXGroup;
			children = (
				AB2ECD69234437420004C674 /* Screens_ */,
				AB2ECD68234437420004C674 /* Products */,
			);
			sourceTree = "<group>";
		};
		AB2ECD68234437420004C674 /* Products */ = {
			isa = PBXGroup;
			children = (
				AB2ECD67234437420004C674 /* Screens_.app */,
			);
			name = Products;
			sourceTree = "<group>";
		};
		AB2ECD69234437420004C674 /* Screens_ */ = {
			isa = PBXGroup;
			children = (
				AB2ECD6A234437420004C674 /* AppDelegate.swift */,
				AB2ECD6C234437420004C674 /* SceneDelegate.swift */,
				AB2ECD7E234440160004C674 /* RedViewController.swift */,
				AB2ECD80234440440004C674 /* NumberedViewController.swift */,
				AB2ECD70234437420004C674 /* Main.storyboard */,
				AB2ECD8223444CAB0004C674 /* Purple.storyboard */,
				AB2ECD8423444DD00004C674 /* Orange.storyboard */,
				AB2ECD73234437470004C674 /* Assets.xcassets */,
				AB2ECD75234437470004C674 /* LaunchScreen.storyboard */,
				AB2ECD78234437470004C674 /* Info.plist */,
			);
			path = Screens_;
			sourceTree = "<group>";
		};
/* End PBXGroup section */

/* Begin PBXNativeTarget section */
		AB2ECD66234437420004C674 /* Screens_ */ = {
			isa = PBXNativeTarget;
			buildConfigurationList = AB2ECD7B234437470004C674 /* Build configuration list for PBXNativeTarget "Screens_" */;
			buildPhases = (
				AB2ECD63234437420004C674 /* Sources */,
				AB2ECD64234437420004C674 /* Frameworks */,
				AB2ECD65234437420004C674 /* Resources */,
			);
			buildRules = (
			);
			dependencies = (
			);
			name = Screens_;
			productName = Screens_;
			productReference = AB2ECD67234437420004C674 /* Screens_.app */;
			productType = "com.apple.product-type.application";
		};
/* End PBXNativeTarget section */

/* Begin PBXProject section */
		AB2ECD5F234437410004C674 /* Project object */ = {
			isa = PBXProject;
			attributes = {
				LastSwiftUpdateCheck = 1100;
				LastUpgradeCheck = 1100;
				ORGANIZATIONNAME = "Crus Technologies";
				TargetAttributes = {
					AB2ECD66234437420004C674 = {
						CreatedOnToolsVersion = 11.0;
					};
				};
			};
			buildConfigurationList = AB2ECD62234437410004C674 /* Build configuration list for PBXProject "Screens_" */;
			compatibilityVersion = "Xcode 9.3";
			developmentRegion = en;
			hasScannedForEncodings = 0;
			knownRegions = (
				en,
				Base,
			);
			mainGroup = AB2ECD5E234437410004C674;
			productRefGroup = AB2ECD68234437420004C674 /* Products */;
			projectDirPath = "";
			projectRoot = "";
			targets = (
				AB2ECD66234437420004C674 /* Screens_ */,
			);
		};
/* End PBXProject section */

/* Begin PBXResourcesBuildPhase section */
		AB2ECD65234437420004C674 /* Resources */ = {
			isa = PBXResourcesBuildPhase;
			buildActionMask = 2147483647;
			files = (
				AB2ECD8323444CAB0004C674 /* Purple.storyboard in Resources */,
				AB2ECD77234437470004C674 /* LaunchScreen.storyboard in Resources */,
				AB2ECD74234437470004C674 /* Assets.xcassets in Resources */,
				AB2ECD8523444DD00004C674 /* Orange.storyboard in Resources */,
				AB2ECD72234437420004C674 /* Main.storyboard in Resources */,
			);
			runOnlyForDeploymentPostprocessing = 0;
		};
/* End PBXResourcesBuildPhase section */

/* Begin PBXSourcesBuildPhase section */
		AB2ECD63234437420004C674 /* Sources */ = {
			isa = PBXSourcesBuildPhase;
			buildActionMask = 2147483647;
			files = (
				AB2ECD81234440440004C674 /* NumberedViewController.swift in Sources */,
				AB2ECD6B234437420004C674 /* AppDelegate.swift in Sources */,
				AB2ECD7F234440160004C674 /* RedViewController.swift in Sources */,
				AB2ECD6D234437420004C674 /* SceneDelegate.swift in Sources */,
			);
			runOnlyForDeploymentPostprocessing = 0;
		};
/* End PBXSourcesBuildPhase section */

/* Begin PBXVariantGroup section */
		AB2ECD70234437420004C674 /* Main.storyboard */ = {
			isa = PBXVariantGroup;
			children = (
				AB2ECD71234437420004C674 /* Base */,
			);
			name = Main.storyboard;
			sourceTree = "<group>";
		};
		AB2ECD75234437470004C674 /* LaunchScreen.storyboard */ = {
			isa = PBXVariantGroup;
			children = (
				AB2ECD76234437470004C674 /* Base */,
			);
			name = LaunchScreen.storyboard;
			sourceTree = "<group>";
		};
/* End PBXVariantGroup section */

/* Begin XCBuildConfiguration section */
		AB2ECD79234437470004C674 /* Debug */ = {
			isa = XCBuildConfiguration;
			buildSettings = {
				ALWAYS_SEARCH_USER_PATHS = NO;
				CLANG_ANALYZER_NONNULL = YES;
				CLANG_ANALYZER_NUMBER_OBJECT_CONVERSION = YES_AGGRESSIVE;
				CLANG_CXX_LANGUAGE_STANDARD = "gnu++14";
				CLANG_CXX_LIBRARY = "libc++";
				CLANG_ENABLE_MODULES = YES;
				CLANG_ENABLE_OBJC_ARC = YES;
				CLANG_ENABLE_OBJC_WEAK = YES;
				CLANG_WARN_BLOCK_CAPTURE_AUTORELEASING = YES;
				CLANG_WARN_BOOL_CONVERSION = YES;
				CLANG_WARN_COMMA = YES;
				CLANG_WARN_CONSTANT_CONVERSION = YES;
				CLANG_WARN_DEPRECATED_OBJC_IMPLEMENTATIONS = YES;
				CLANG_WARN_DIRECT_OBJC_ISA_USAGE = YES_ERROR;
				CLANG_WARN_DOCUMENTATION_COMMENTS = YES;
				CLANG_WARN_EMPTY_BODY = YES;
				CLANG_WARN_ENUM_CONVERSION = YES;
				CLANG_WARN_INFINITE_RECURSION = YES;
				CLANG_WARN_INT_CONVERSION = YES;
				CLANG_WARN_NON_LITERAL_NULL_CONVERSION = YES;
				CLANG_WARN_OBJC_IMPLICIT_RETAIN_SELF = YES;
				CLANG_WARN_OBJC_LITERAL_CONVERSION = YES;
				CLANG_WARN_OBJC_ROOT_CLASS = YES_ERROR;
				CLANG_WARN_RANGE_LOOP_ANALYSIS = YES;
				CLANG_WARN_STRICT_PROTOTYPES = YES;
				CLANG_WARN_SUSPICIOUS_MOVE = YES;
				CLANG_WARN_UNGUARDED_AVAILABILITY = YES_AGGRESSIVE;
				CLANG_WARN_UNREACHABLE_CODE = YES;
				CLANG_WARN__DUPLICATE_METHOD_MATCH = YES;
				COPY_PHASE_STRIP = NO;
				DEBUG_INFORMATION_FORMAT = dwarf;
				ENABLE_STRICT_OBJC_MSGSEND = YES;
				ENABLE_TESTABILITY = YES;
				GCC_C_LANGUAGE_STANDARD = gnu11;
				GCC_DYNAMIC_NO_PIC = NO;
				GCC_NO_COMMON_BLOCKS = YES;
				GCC_OPTIMIZATION_LEVEL = 0;
				GCC_PREPROCESSOR_DEFINITIONS = (
					"DEBUG=1",
					"$(inherited)",
				);
				GCC_WARN_64_TO_32_BIT_CONVERSION = YES;
				GCC_WARN_ABOUT_RETURN_TYPE = YES_ERROR;
				GCC_WARN_UNDECLARED_SELECTOR = YES;
				GCC_WARN_UNINITIALIZED_AUTOS = YES_AGGRESSIVE;
				GCC_WARN_UNUSED_FUNCTION = YES;
				GCC_WARN_UNUSED_VARIABLE = YES;
				IPHONEOS_DEPLOYMENT_TARGET = 13.0;
				MTL_ENABLE_DEBUG_INFO = INCLUDE_SOURCE;
				MTL_FAST_MATH = YES;
				ONLY_ACTIVE_ARCH = YES;
				SDKROOT = iphoneos;
				SWIFT_ACTIVE_COMPILATION_CONDITIONS = DEBUG;
				SWIFT_OPTIMIZATION_LEVEL = "-Onone";
			};
			name = Debug;
		};
		AB2ECD7A234437470004C674 /* Release */ = {
			isa = XCBuildConfiguration;
			buildSettings = {
				ALWAYS_SEARCH_USER_PATHS = NO;
				CLANG_ANALYZER_NONNULL = YES;
				CLANG_ANALYZER_NUMBER_OBJECT_CONVERSION = YES_AGGRESSIVE;
				CLANG_CXX_LANGUAGE_STANDARD = "gnu++14";
				CLANG_CXX_LIBRARY = "libc++";
				CLANG_ENABLE_MODULES = YES;
				CLANG_ENABLE_OBJC_ARC = YES;
				CLANG_ENABLE_OBJC_WEAK = YES;
				CLANG_WARN_BLOCK_CAPTURE_AUTORELEASING = YES;
				CLANG_WARN_BOOL_CONVERSION = YES;
				CLANG_WARN_COMMA = YES;
				CLANG_WARN_CONSTANT_CONVERSION = YES;
				CLANG_WARN_DEPRECATED_OBJC_IMPLEMENTATIONS = YES;
				CLANG_WARN_DIRECT_OBJC_ISA_USAGE = YES_ERROR;
				CLANG_WARN_DOCUMENTATION_COMMENTS = YES;
				CLANG_WARN_EMPTY_BODY = YES;
				CLANG_WARN_ENUM_CONVERSION = YES;
				CLANG_WARN_INFINITE_RECURSION = YES;
				CLANG_WARN_INT_CONVERSION = YES;
				CLANG_WARN_NON_LITERAL_NULL_CONVERSION = YES;
				CLANG_WARN_OBJC_IMPLICIT_RETAIN_SELF = YES;
				CLANG_WARN_OBJC_LITERAL_CONVERSION = YES;
				CLANG_WARN_OBJC_ROOT_CLASS = YES_ERROR;
				CLANG_WARN_RANGE_LOOP_ANALYSIS = YES;
				CLANG_WARN_STRICT_PROTOTYPES = YES;
				CLANG_WARN_SUSPICIOUS_MOVE = YES;
				CLANG_WARN_UNGUARDED_AVAILABILITY = YES_AGGRESSIVE;
				CLANG_WARN_UNREACHABLE_CODE = YES;
				CLANG_WARN__DUPLICATE_METHOD_MATCH = YES;
				COPY_PHASE_STRIP = NO;
				DEBUG_INFORMATION_FORMAT = "dwarf-with-dsym";
				ENABLE_NS_ASSERTIONS = NO;
				ENABLE_STRICT_OBJC_MSGSEND = YES;
				GCC_C_LANGUAGE_STANDARD = gnu11;
				GCC_NO_COMMON_BLOCKS = YES;
				GCC_WARN_64_TO_32_BIT_CONVERSION = YES;
				GCC_WARN_ABOUT_RETURN_TYPE = YES_ERROR;
				GCC_WARN_UNDECLARED_SELECTOR = YES;
				GCC_WARN_UNINITIALIZED_AUTOS = YES_AGGRESSIVE;
				GCC_WARN_UNUSED_FUNCTION = YES;
				GCC_WARN_UNUSED_VARIABLE = YES;
				IPHONEOS_DEPLOYMENT_TARGET = 13.0;
				MTL_ENABLE_DEBUG_INFO = NO;
				MTL_FAST_MATH = YES;
				SDKROOT = iphoneos;
				SWIFT_COMPILATION_MODE = wholemodule;
				SWIFT_OPTIMIZATION_LEVEL = "-O";
				VALIDATE_PRODUCT = YES;
			};
			name = Release;
		};
		AB2ECD7C234437470004C674 /* Debug */ = {
			isa = XCBuildConfiguration;
			buildSettings = {
				ASSETCATALOG_COMPILER_APPICON_NAME = AppIcon;
				CODE_SIGN_STYLE = Automatic;
				DEVELOPMENT_TEAM = 46XAGWCJPW;
				INFOPLIST_FILE = Screens_/Info.plist;
				LD_RUNPATH_SEARCH_PATHS = (
					"$(inherited)",
					"@executable_path/Frameworks",
				);
				PRODUCT_BUNDLE_IDENTIFIER = "com.pravinpatel.Screens-";
				PRODUCT_NAME = "$(TARGET_NAME)";
				SWIFT_VERSION = 5.0;
				TARGETED_DEVICE_FAMILY = "1,2";
			};
			name = Debug;
		};
		AB2ECD7D234437470004C674 /* Release */ = {
			isa = XCBuildConfiguration;
			buildSettings = {
				ASSETCATALOG_COMPILER_APPICON_NAME = AppIcon;
				CODE_SIGN_STYLE = Automatic;
				DEVELOPMENT_TEAM = 46XAGWCJPW;
				INFOPLIST_FILE = Screens_/Info.plist;
				LD_RUNPATH_SEARCH_PATHS = (
					"$(inherited)",
					"@executable_path/Frameworks",
				);
				PRODUCT_BUNDLE_IDENTIFIER = "com.pravinpatel.Screens-";
				PRODUCT_NAME = "$(TARGET_NAME)";
				SWIFT_VERSION = 5.0;
				TARGETED_DEVICE_FAMILY = "1,2";
			};
			name = Release;
		};
/* End XCBuildConfiguration section */

/* Begin XCConfigurationList section */
		AB2ECD62234437410004C674 /* Build configuration list for PBXProject "Screens_" */ = {
			isa = XCConfigurationList;
			buildConfigurations = (
				AB2ECD79234437470004C674 /* Debug */,
				AB2ECD7A234437470004C674 /* Release */,
			);
			defaultConfigurationIsVisible = 0;
			defaultConfigurationName = Release;
		};
		AB2ECD7B234437470004C674 /* Build configuration list for PBXNativeTarget "Screens_" */ = {
			isa = XCConfigurationList;
			buildConfigurations = (
				AB2ECD7C234437470004C674 /* Debug */,
				AB2ECD7D234437470004C674 /* Release */,
			);
			defaultConfigurationIsVisible = 0;
			defaultConfigurationName = Release;
		};
/* End XCConfigurationList section */
	};
	rootObject = AB2ECD5F234437410004C674 /* Project object */;
}
